lockfileVersion: 5.3

specifiers:
  '@types/node': ^14.17.0
  discord.js: ^13.5.0
  mw-collegiate: ^1.0.1
  undici: ^4.12.1

dependencies:
  discord.js: 13.5.0
  undici: 4.12.1

devDependencies:
  '@types/node': 14.17.1
  mw-collegiate: 1.0.1

packages:

  /@discordjs/builders/0.11.0:
    resolution: {integrity: sha512-ZTB8yJdJKrKlq44dpWkNUrAtEJEq0gqpb7ASdv4vmq6/mZal5kOv312hQ56I/vxwMre+VIkoHquNUAfnTbiYtg==}
    engines: {node: '>=16.0.0', npm: '>=7.0.0'}
    dependencies:
      '@sindresorhus/is': 4.2.0
      discord-api-types: 0.26.1
      ts-mixer: 6.0.0
      tslib: 2.3.1
      zod: 3.11.6
    dev: false

  /@discordjs/collection/0.4.0:
    resolution: {integrity: sha512-zmjq+l/rV35kE6zRrwe8BHqV78JvIh2ybJeZavBi5NySjWXqN3hmmAKg7kYMMXSeiWtSsMoZ/+MQi0DiQWy2lw==}
    engines: {node: '>=16.0.0', npm: '>=7.0.0'}
    dev: false

  /@sapphire/async-queue/1.1.9:
    resolution: {integrity: sha512-CbXaGwwlEMq+l1TRu01FJCvySJ1CEFKFclHT48nIfNeZXaAAmmwwy7scUKmYHPUa3GhoMp6Qr1B3eAJux6XgOQ==}
    engines: {node: '>=v14.0.0', npm: '>=7.0.0'}
    dev: false

  /@sindresorhus/is/4.2.0:
    resolution: {integrity: sha512-VkE3KLBmJwcCaVARtQpfuKcKv8gcBmUubrfHGF84dXuuW6jgsRYxPtzcIhPyK9WAPpRt2/xY6zkD9MnRaJzSyw==}
    engines: {node: '>=10'}
    dev: false

  /@types/node-fetch/2.5.12:
    resolution: {integrity: sha512-MKgC4dlq4kKNa/mYrwpKfzQMB5X3ee5U6fSprkKpToBqBmX4nFZL9cW5jl6sWn+xpRJ7ypWh2yyqqr8UUCstSw==}
    dependencies:
      '@types/node': 14.18.5
      form-data: 3.0.1
    dev: false

  /@types/node/14.17.1:
    resolution: {integrity: sha512-/tpUyFD7meeooTRwl3sYlihx2BrJE7q9XF71EguPFIySj9B7qgnRtHsHTho+0AUm4m1SvWGm6uSncrR94q6Vtw==}
    dev: true

  /@types/node/14.18.5:
    resolution: {integrity: sha512-LMy+vDDcQR48EZdEx5wRX1q/sEl6NdGuHXPnfeL8ixkwCOSZ2qnIyIZmcCbdX0MeRqHhAcHmX+haCbrS8Run+A==}
    dev: false

  /@types/ws/8.2.2:
    resolution: {integrity: sha512-NOn5eIcgWLOo6qW8AcuLZ7G8PycXu0xTxxkS6Q18VWFxgPUSOwV0pBj2a/4viNZVu25i7RIB7GttdkAIUUXOOg==}
    dependencies:
      '@types/node': 14.18.5
    dev: false

  /asynckit/0.4.0:
    resolution: {integrity: sha1-x57Zf380y48robyXkLzDZkdLS3k=}
    dev: false

  /combined-stream/1.0.8:
    resolution: {integrity: sha512-FQN4MRfuJeHf7cBbBMJFXhKSDq+2kAArBlmRBvcvFE5BB1HZKXtSFASDhdlz9zOYwxh8lDdnvmMOe/+5cdoEdg==}
    engines: {node: '>= 0.8'}
    dependencies:
      delayed-stream: 1.0.0
    dev: false

  /delayed-stream/1.0.0:
    resolution: {integrity: sha1-3zrhmayt+31ECqrgsp4icrJOxhk=}
    engines: {node: '>=0.4.0'}
    dev: false

  /discord-api-types/0.26.1:
    resolution: {integrity: sha512-T5PdMQ+Y1MEECYMV5wmyi9VEYPagEDEi4S0amgsszpWY0VB9JJ/hEvM6BgLhbdnKky4gfmZEXtEEtojN8ZKJQQ==}
    engines: {node: '>=12'}
    dev: false

  /discord.js/13.5.0:
    resolution: {integrity: sha512-K+ZcB0f+wA1ZzDhz3hlaAi4Ap7jSvVEUZ+U29T4DMoiNNUv22F4vu1byrOq8GyyLLDFiZ3iSudea0MvSHu3fQA==}
    engines: {node: '>=16.6.0', npm: '>=7.0.0'}
    dependencies:
      '@discordjs/builders': 0.11.0
      '@discordjs/collection': 0.4.0
      '@sapphire/async-queue': 1.1.9
      '@types/node-fetch': 2.5.12
      '@types/ws': 8.2.2
      discord-api-types: 0.26.1
      form-data: 4.0.0
      node-fetch: 2.6.1
      ws: 8.4.0
    transitivePeerDependencies:
      - bufferutil
      - utf-8-validate
    dev: false

  /form-data/3.0.1:
    resolution: {integrity: sha512-RHkBKtLWUVwd7SqRIvCZMEvAMoGUp0XU+seQiZejj0COz3RI3hWP4sCv3gZWWLjJTd7rGwcsF5eKZGii0r/hbg==}
    engines: {node: '>= 6'}
    dependencies:
      asynckit: 0.4.0
      combined-stream: 1.0.8
      mime-types: 2.1.30
    dev: false

  /form-data/4.0.0:
    resolution: {integrity: sha512-ETEklSGi5t0QMZuiXoA/Q6vcnxcLQP5vdugSpuAyi6SVGi2clPPp+xgEhuMaHC+zGgn31Kd235W35f7Hykkaww==}
    engines: {node: '>= 6'}
    dependencies:
      asynckit: 0.4.0
      combined-stream: 1.0.8
      mime-types: 2.1.34
    dev: false

  /mime-db/1.47.0:
    resolution: {integrity: sha512-QBmA/G2y+IfeS4oktet3qRZ+P5kPhCKRXxXnQEudYqUaEioAU1/Lq2us3D/t1Jfo4hE9REQPrbB7K5sOczJVIw==}
    engines: {node: '>= 0.6'}
    dev: false

  /mime-db/1.51.0:
    resolution: {integrity: sha512-5y8A56jg7XVQx2mbv1lu49NR4dokRnhZYTtL+KGfaa27uq4pSTXkwQkFJl4pkRMyNFz/EtYDSkiiEHx3F7UN6g==}
    engines: {node: '>= 0.6'}
    dev: false

  /mime-types/2.1.30:
    resolution: {integrity: sha512-crmjA4bLtR8m9qLpHvgxSChT+XoSlZi8J4n/aIdn3z92e/U47Z0V/yl+Wh9W046GgFVAmoNR/fmdbZYcSSIUeg==}
    engines: {node: '>= 0.6'}
    dependencies:
      mime-db: 1.47.0
    dev: false

  /mime-types/2.1.34:
    resolution: {integrity: sha512-6cP692WwGIs9XXdOO4++N+7qjqv0rqxxVvJ3VHPh/Sc9mVZcQP+ZGhkKiTvWMQRr2tbHkJP/Yn7Y0npb3ZBs4A==}
    engines: {node: '>= 0.6'}
    dependencies:
      mime-db: 1.51.0
    dev: false

  /mw-collegiate/1.0.1:
    resolution: {integrity: sha512-vY61dcTNapjsQEEc7j3pqp7ckgeIi9rYOrGPWKYTZ6CB6cPF+zrFxTWjT4XJHpSrFaVvIIVbLHqCuXYgZjL3Pg==}
    dev: true

  /node-fetch/2.6.1:
    resolution: {integrity: sha512-V4aYg89jEoVRxRb2fJdAg8FHvI7cEyYdVAh94HH0UIK8oJxUfkjlDQN9RbMx+bEjP7+ggMiFRprSti032Oipxw==}
    engines: {node: 4.x || >=6.0.0}
    dev: false

  /ts-mixer/6.0.0:
    resolution: {integrity: sha512-nXIb1fvdY5CBSrDIblLn73NW0qRDk5yJ0Sk1qPBF560OdJfQp9jhl+0tzcY09OZ9U+6GpeoI9RjwoIKFIoB9MQ==}
    dev: false

  /tslib/2.3.1:
    resolution: {integrity: sha512-77EbyPPpMz+FRFRuAFlWMtmgUWGe9UOG2Z25NqCwiIjRhOf5iKGuzSe5P2w1laq+FkRy4p+PCuVkJSGkzTEKVw==}
    dev: false

  /undici/4.12.1:
    resolution: {integrity: sha512-MSfap7YiQJqTPP12C11PFRs9raZuVicDbwsZHTjB0a8+SsCqt7KdUis54f373yf7ZFhJzAkGJLaKm0202OIxHg==}
    engines: {node: '>=12.18'}
    dev: false

  /ws/8.4.0:
    resolution: {integrity: sha512-IHVsKe2pjajSUIl4KYMQOdlyliovpEPquKkqbwswulszzI7r0SfQrxnXdWAEqOlDCLrVSJzo+O1hAwdog2sKSQ==}
    engines: {node: '>=10.0.0'}
    peerDependencies:
      bufferutil: ^4.0.1
      utf-8-validate: ^5.0.2
    peerDependenciesMeta:
      bufferutil:
        optional: true
      utf-8-validate:
        optional: true
    dev: false

  /zod/3.11.6:
    resolution: {integrity: sha512-daZ80A81I3/9lIydI44motWe6n59kRBfNzTuS2bfzVh1nAXi667TOTWWtatxyG+fwgNUiagSj/CWZwRRbevJIg==}
    dev: false
